
Microsoft Visual Studio Solution File, Format Version 12.00
# Visual Studio 15
VisualStudioVersion = 15.0.28307.489
MinimumVisualStudioVersion = 10.0.40219.1
Project("{FAE04EC0-301F-11D3-BF4B-00C04F79EFBC}") = "OOP", "OOP\OOP.csproj", "{EB38E8FB-173A-48AE-82C9-EBA970B35389}"
EndProject
Project("{FAE04EC0-301F-11D3-BF4B-00C04F79EFBC}") = "DAL", "DAL\DAL.csproj", "{86E30571-B4A5-4389-B47C-5098DC699744}"
EndProject
Project("{FAE04EC0-301F-11D3-BF4B-00C04F79EFBC}") = "BLL", "BLL\BLL.csproj", "{72811497-C490-43D2-A07D-90F40397100A}"
EndProject
Global
	GlobalSection(SolutionConfigurationPlatforms) = preSolution
		Debug|Any CPU = Debug|Any CPU
		Release|Any CPU = Release|Any CPU
	EndGlobalSection
	GlobalSection(ProjectConfigurationPlatforms) = postSolution
		{EB38E8FB-173A-48AE-82C9-EBA970B35389}.Debug|Any CPU.ActiveCfg = Debug|Any CPU
		{EB38E8FB-173A-48AE-82C9-EBA970B35389}.Debug|Any CPU.Build.0 = Debug|Any CPU
		{EB38E8FB-173A-48AE-82C9-EBA970B35389}.Release|Any CPU.ActiveCfg = Release|Any CPU
		{EB38E8FB-173A-48AE-82C9-EBA970B35389}.Release|Any CPU.Build.0 = Release|Any CPU
		{86E30571-B4A5-4389-B47C-5098DC699744}.Debug|Any CPU.ActiveCfg = Debug|Any CPU
		{86E30571-B4A5-4389-B47C-5098DC699744}.Debug|Any CPU.Build.0 = Debug|Any CPU
		{86E30571-B4A5-4389-B47C-5098DC699744}.Release|Any CPU.ActiveCfg = Release|Any CPU
		{86E30571-B4A5-4389-B47C-5098DC699744}.Release|Any CPU.Build.0 = Release|Any CPU
		{72811497-C490-43D2-A07D-90F40397100A}.Debug|Any CPU.ActiveCfg = Debug|Any CPU
		{72811497-C490-43D2-A07D-90F40397100A}.Debug|Any CPU.Build.0 = Debug|Any CPU
		{72811497-C490-43D2-A07D-90F40397100A}.Release|Any CPU.ActiveCfg = Release|Any CPU
		{72811497-C490-43D2-A07D-90F40397100A}.Release|Any CPU.Build.0 = Release|Any CPU
	EndGlobalSection
	GlobalSection(SolutionProperties) = preSolution
		HideSolutionNode = FALSE
	EndGlobalSection
	GlobalSection(ExtensibilityGlobals) = postSolution
		SolutionGuid = {B703FE08-2296-43ED-8DE7-77DBBAAF57E8}
	EndGlobalSection
EndGlobal
